Microsoft Visual Studio Solution File, Format Version 12.00
# Visual Studio Version 16
VisualStudioVersion = 16.0.809.7
MinimumVisualStudioVersion = 10.0.40219.1
Project("{FAE04EC0-301F-11D3-BF4B-00C04F79EFBC}") = "ZendeskChatAndroidBindings", "ZendeskChatAndroidBindings\ZendeskChatAndroidBindings.csproj", "{85C5B425-13F3-493B-8C3D-FF5BF5900426}"
EndProject
Project("{FAE04EC0-301F-11D3-BF4B-00C04F79EFBC}") = "ZendeskMessagingAndroidBindings", "ZendeskMessagingAndroidBindings\ZendeskMessagingAndroidBindings.csproj", "{DF0EB1BB-5F38-41F5-B592-20EDED29DDDD}"
EndProject
Project("{FAE04EC0-301F-11D3-BF4B-00C04F79EFBC}") = "ZendeskSdkConfigurationsAndroidBindings", "ZendeskSdkConfigurationsAndroidBindings\ZendeskSdkConfigurationsAndroidBindings.csproj", "{0A339381-7472-493E-BC45-C635F17BD9AD}"
EndProject
Project("{FAE04EC0-301F-11D3-BF4B-00C04F79EFBC}") = "ZendeskMessagingApiAndroidBindings", "ZendeskMessagingApiAndroidBindings\ZendeskMessagingApiAndroidBindings.csproj", "{FBA5B6D6-4B45-47F1-8928-D5FCD7BB5196}"
EndProject
Project("{FAE04EC0-301F-11D3-BF4B-00C04F79EFBC}") = "ZendeskChatProvidersAndroidBindings", "ZendeskChatProvidersAndroidBindings\ZendeskChatProvidersAndroidBindings.csproj", "{1B365D34-C50D-49EA-B092-C56AB9E6B79A}"
EndProject
Project("{FAE04EC0-301F-11D3-BF4B-00C04F79EFBC}") = "ZendeskCommonUiAndroidBindings", "ZendeskCommonUiAndroidBindings\ZendeskCommonUiAndroidBindings.csproj", "{7793853D-6BEA-4C2F-B7B6-5555835DC306}"
EndProject
Project("{FAE04EC0-301F-11D3-BF4B-00C04F79EFBC}") = "ZendeskChatVisitorClientAndroidBindings", "ZendeskChatVisitorClientAndroidBindings\ZendeskChatVisitorClientAndroidBindings.csproj", "{D7D6C151-E17C-4AA8-BD3B-84EA7C7E82E6}"
EndProject
Global
	GlobalSection(SolutionConfigurationPlatforms) = preSolution
		Debug|Any CPU = Debug|Any CPU
		Release|Any CPU = Release|Any CPU
	EndGlobalSection
	GlobalSection(ProjectConfigurationPlatforms) = postSolution
		{85C5B425-13F3-493B-8C3D-FF5BF5900426}.Debug|Any CPU.ActiveCfg = Debug|Any CPU
		{85C5B425-13F3-493B-8C3D-FF5BF5900426}.Debug|Any CPU.Build.0 = Debug|Any CPU
		{85C5B425-13F3-493B-8C3D-FF5BF5900426}.Release|Any CPU.ActiveCfg = Release|Any CPU
		{85C5B425-13F3-493B-8C3D-FF5BF5900426}.Release|Any CPU.Build.0 = Release|Any CPU
		{DF0EB1BB-5F38-41F5-B592-20EDED29DDDD}.Debug|Any CPU.ActiveCfg = Debug|Any CPU
		{DF0EB1BB-5F38-41F5-B592-20EDED29DDDD}.Debug|Any CPU.Build.0 = Debug|Any CPU
		{DF0EB1BB-5F38-41F5-B592-20EDED29DDDD}.Release|Any CPU.ActiveCfg = Release|Any CPU
		{DF0EB1BB-5F38-41F5-B592-20EDED29DDDD}.Release|Any CPU.Build.0 = Release|Any CPU
		{0A339381-7472-493E-BC45-C635F17BD9AD}.Debug|Any CPU.ActiveCfg = Debug|Any CPU
		{0A339381-7472-493E-BC45-C635F17BD9AD}.Debug|Any CPU.Build.0 = Debug|Any CPU
		{0A339381-7472-493E-BC45-C635F17BD9AD}.Release|Any CPU.ActiveCfg = Release|Any CPU
		{0A339381-7472-493E-BC45-C635F17BD9AD}.Release|Any CPU.Build.0 = Release|Any CPU
		{FBA5B6D6-4B45-47F1-8928-D5FCD7BB5196}.Debug|Any CPU.ActiveCfg = Debug|Any CPU
		{FBA5B6D6-4B45-47F1-8928-D5FCD7BB5196}.Debug|Any CPU.Build.0 = Debug|Any CPU
		{FBA5B6D6-4B45-47F1-8928-D5FCD7BB5196}.Release|Any CPU.ActiveCfg = Release|Any CPU
		{FBA5B6D6-4B45-47F1-8928-D5FCD7BB5196}.Release|Any CPU.Build.0 = Release|Any CPU
		{1B365D34-C50D-49EA-B092-C56AB9E6B79A}.Debug|Any CPU.ActiveCfg = Debug|Any CPU
		{1B365D34-C50D-49EA-B092-C56AB9E6B79A}.Debug|Any CPU.Build.0 = Debug|Any CPU
		{1B365D34-C50D-49EA-B092-C56AB9E6B79A}.Release|Any CPU.ActiveCfg = Release|Any CPU
		{1B365D34-C50D-49EA-B092-C56AB9E6B79A}.Release|Any CPU.Build.0 = Release|Any CPU
		{7793853D-6BEA-4C2F-B7B6-5555835DC306}.Debug|Any CPU.ActiveCfg = Debug|Any CPU
		{7793853D-6BEA-4C2F-B7B6-5555835DC306}.Debug|Any CPU.Build.0 = Debug|Any CPU
		{7793853D-6BEA-4C2F-B7B6-5555835DC306}.Release|Any CPU.ActiveCfg = Release|Any CPU
		{7793853D-6BEA-4C2F-B7B6-5555835DC306}.Release|Any CPU.Build.0 = Release|Any CPU
		{D7D6C151-E17C-4AA8-BD3B-84EA7C7E82E6}.Debug|Any CPU.ActiveCfg = Debug|Any CPU
		{D7D6C151-E17C-4AA8-BD3B-84EA7C7E82E6}.Debug|Any CPU.Build.0 = Debug|Any CPU
		{D7D6C151-E17C-4AA8-BD3B-84EA7C7E82E6}.Release|Any CPU.ActiveCfg = Release|Any CPU
		{D7D6C151-E17C-4AA8-BD3B-84EA7C7E82E6}.Release|Any CPU.Build.0 = Release|Any CPU
	EndGlobalSection
	GlobalSection(SolutionProperties) = preSolution
		HideSolutionNode = FALSE
	EndGlobalSection
	GlobalSection(ExtensibilityGlobals) = postSolution
		SolutionGuid = {5AAB9BB7-B032-4967-88BD-2ADC07BC904D}
	EndGlobalSection
EndGlobal