PODS:
  - ZendeskChatProvidersSDK (2.11.1)
  - ZendeskChatSDK (2.11.1):
    - ZendeskChatProvidersSDK (~> 2.11.1)
    - ZendeskMessagingSDK (~> 3.8.2)
  - ZendeskCommonUISDK (6.1.1)
  - ZendeskMessagingAPISDK (3.8.2):
    - ZendeskSDKConfigurationsSDK (~> 1.1.8)
  - ZendeskMessagingSDK (3.8.2):
    - ZendeskCommonUISDK (~> 6.1.1)
    - ZendeskMessagingAPISDK (~> 3.8.2)
  - ZendeskSDKConfigurationsSDK (1.1.8)

DEPENDENCIES:
  - ZendeskChatSDK

SPEC REPOS:
  trunk:
    - ZendeskChatProvidersSDK
    - ZendeskChatSDK
    - ZendeskCommonUISDK
    - ZendeskMessagingAPISDK
    - ZendeskMessagingSDK
    - ZendeskSDKConfigurationsSDK

SPEC CHECKSUMS:
  ZendeskChatProvidersSDK: 37901c1c7529722d71ffade971bb984edd74a5e1
  ZendeskChatSDK: e312c1899c52eff0ef2b7219385c5aaac3d9e76e
  ZendeskCommonUISDK: 5808802951ad2bb424f0bed4259dc3c0ce9b52ec
  ZendeskMessagingAPISDK: 144e0fb0e633a3c4e73149b781ab65338938d5a8
  ZendeskMessagingSDK: 500e83d9413481e95180c37ddca0d4ef9d515600
  ZendeskSDKConfigurationsSDK: 8371b468db0d09e9198f6c5a97818826943ee1ee

PODFILE CHECKSUM: 63de665bab62abd54775b153264923f6a7de64b0

COCOAPODS: 1.10.2
