// !$*UTF8*$!
{
	archiveVersion = 1;
	classes = {
	};
	objectVersion = 52;
	objects = {

/* Begin PBXBuildFile section */
		7C61ED0126B81F56000DBA21 /* ZendeskiOS.h in Headers */ = {isa = PBXBuildFile; fileRef = 7C61ECFF26B81F56000DBA21 /* ZendeskiOS.h */; settings = {ATTRIBUTES = (Public, ); }; };
		7C74CFC826B82A0600B871C4 /* ChatProvidersSDK.xcframework in Frameworks */ = {isa = PBXBuildFile; fileRef = 7C61ED0926B8209F000DBA21 /* ChatProvidersSDK.xcframework */; };
		7C74CFC926B82A0600B871C4 /* ChatProvidersSDK.xcframework in Embed Frameworks */ = {isa = PBXBuildFile; fileRef = 7C61ED0926B8209F000DBA21 /* ChatProvidersSDK.xcframework */; settings = {ATTRIBUTES = (CodeSignOnCopy, RemoveHeadersOnCopy, ); }; };
		7C74CFCA26B82A0600B871C4 /* ChatSDK.xcframework in Frameworks */ = {isa = PBXBuildFile; fileRef = 7C61ED0A26B8209F000DBA21 /* ChatSDK.xcframework */; };
		7C74CFCB26B82A0600B871C4 /* ChatSDK.xcframework in Embed Frameworks */ = {isa = PBXBuildFile; fileRef = 7C61ED0A26B8209F000DBA21 /* ChatSDK.xcframework */; settings = {ATTRIBUTES = (CodeSignOnCopy, RemoveHeadersOnCopy, ); }; };
		7C74CFCC26B82A0600B871C4 /* CommonUISDK.xcframework in Frameworks */ = {isa = PBXBuildFile; fileRef = 7C61ED0B26B8209F000DBA21 /* CommonUISDK.xcframework */; };
		7C74CFCD26B82A0600B871C4 /* CommonUISDK.xcframework in Embed Frameworks */ = {isa = PBXBuildFile; fileRef = 7C61ED0B26B8209F000DBA21 /* CommonUISDK.xcframework */; settings = {ATTRIBUTES = (CodeSignOnCopy, RemoveHeadersOnCopy, ); }; };
		7C74CFCE26B82A0600B871C4 /* MessagingAPI.xcframework in Frameworks */ = {isa = PBXBuildFile; fileRef = 7C61ED0C26B8209F000DBA21 /* MessagingAPI.xcframework */; };
		7C74CFCF26B82A0600B871C4 /* MessagingAPI.xcframework in Embed Frameworks */ = {isa = PBXBuildFile; fileRef = 7C61ED0C26B8209F000DBA21 /* MessagingAPI.xcframework */; settings = {ATTRIBUTES = (CodeSignOnCopy, RemoveHeadersOnCopy, ); }; };
		7C74CFD026B82A0600B871C4 /* MessagingSDK.xcframework in Frameworks */ = {isa = PBXBuildFile; fileRef = 7C61ED0D26B8209F000DBA21 /* MessagingSDK.xcframework */; };
		7C74CFD126B82A0600B871C4 /* MessagingSDK.xcframework in Embed Frameworks */ = {isa = PBXBuildFile; fileRef = 7C61ED0D26B8209F000DBA21 /* MessagingSDK.xcframework */; settings = {ATTRIBUTES = (CodeSignOnCopy, RemoveHeadersOnCopy, ); }; };
		7C74CFD226B82A0600B871C4 /* SDKConfigurations.xcframework in Frameworks */ = {isa = PBXBuildFile; fileRef = 7C61ED0E26B8209F000DBA21 /* SDKConfigurations.xcframework */; };
		7C74CFD326B82A0600B871C4 /* SDKConfigurations.xcframework in Embed Frameworks */ = {isa = PBXBuildFile; fileRef = 7C61ED0E26B8209F000DBA21 /* SDKConfigurations.xcframework */; settings = {ATTRIBUTES = (CodeSignOnCopy, RemoveHeadersOnCopy, ); }; };
/* End PBXBuildFile section */

/* Begin PBXCopyFilesBuildPhase section */
		7C74CFD426B82A0600B871C4 /* Embed Frameworks */ = {
			isa = PBXCopyFilesBuildPhase;
			buildActionMask = 2147483647;
			dstPath = "";
			dstSubfolderSpec = 11;
			files = (
				7C74CFD126B82A0600B871C4 /* MessagingSDK.xcframework in Embed Frameworks */,
				7C74CFCB26B82A0600B871C4 /* ChatSDK.xcframework in Embed Frameworks */,
				7C74CFCD26B82A0600B871C4 /* CommonUISDK.xcframework in Embed Frameworks */,
				7C74CFD326B82A0600B871C4 /* SDKConfigurations.xcframework in Embed Frameworks */,
				7C74CFC926B82A0600B871C4 /* ChatProvidersSDK.xcframework in Embed Frameworks */,
				7C74CFCF26B82A0600B871C4 /* MessagingAPI.xcframework in Embed Frameworks */,
			);
			name = "Embed Frameworks";
			runOnlyForDeploymentPostprocessing = 0;
		};
/* End PBXCopyFilesBuildPhase section */

/* Begin PBXFileReference section */
		57FA1E4BE85A9F2B8AD7E432 /* Pods-ZendeskiOS.release.xcconfig */ = {isa = PBXFileReference; includeInIndex = 1; lastKnownFileType = text.xcconfig; name = "Pods-ZendeskiOS.release.xcconfig"; path = "Target Support Files/Pods-ZendeskiOS/Pods-ZendeskiOS.release.xcconfig"; sourceTree = "<group>"; };
		7C61ECFC26B81F56000DBA21 /* ZendeskiOS.framework */ = {isa = PBXFileReference; explicitFileType = wrapper.framework; includeInIndex = 0; path = ZendeskiOS.framework; sourceTree = BUILT_PRODUCTS_DIR; };
		7C61ECFF26B81F56000DBA21 /* ZendeskiOS.h */ = {isa = PBXFileReference; lastKnownFileType = sourcecode.c.h; path = ZendeskiOS.h; sourceTree = "<group>"; };
		7C61ED0026B81F56000DBA21 /* Info.plist */ = {isa = PBXFileReference; lastKnownFileType = text.plist.xml; path = Info.plist; sourceTree = "<group>"; };
		7C61ED0726B8209F000DBA21 /* AnswerBotProvidersSDK.xcframework */ = {isa = PBXFileReference; lastKnownFileType = wrapper.xcframework; name = AnswerBotProvidersSDK.xcframework; path = Pods/ZendeskAnswerBotProvidersSDK/AnswerBotProvidersSDK.xcframework; sourceTree = "<group>"; };
		7C61ED0826B8209F000DBA21 /* AnswerBotSDK.xcframework */ = {isa = PBXFileReference; lastKnownFileType = wrapper.xcframework; name = AnswerBotSDK.xcframework; path = Pods/ZendeskAnswerBotSDK/AnswerBotSDK.xcframework; sourceTree = "<group>"; };
		7C61ED0926B8209F000DBA21 /* ChatProvidersSDK.xcframework */ = {isa = PBXFileReference; lastKnownFileType = wrapper.xcframework; name = ChatProvidersSDK.xcframework; path = Pods/ZendeskChatProvidersSDK/ChatProvidersSDK.xcframework; sourceTree = "<group>"; };
		7C61ED0A26B8209F000DBA21 /* ChatSDK.xcframework */ = {isa = PBXFileReference; lastKnownFileType = wrapper.xcframework; name = ChatSDK.xcframework; path = Pods/ZendeskChatSDK/ChatSDK.xcframework; sourceTree = "<group>"; };
		7C61ED0B26B8209F000DBA21 /* CommonUISDK.xcframework */ = {isa = PBXFileReference; lastKnownFileType = wrapper.xcframework; name = CommonUISDK.xcframework; path = Pods/ZendeskCommonUISDK/CommonUISDK.xcframework; sourceTree = "<group>"; };
		7C61ED0C26B8209F000DBA21 /* MessagingAPI.xcframework */ = {isa = PBXFileReference; lastKnownFileType = wrapper.xcframework; name = MessagingAPI.xcframework; path = Pods/ZendeskMessagingAPISDK/MessagingAPI.xcframework; sourceTree = "<group>"; };
		7C61ED0D26B8209F000DBA21 /* MessagingSDK.xcframework */ = {isa = PBXFileReference; lastKnownFileType = wrapper.xcframework; name = MessagingSDK.xcframework; path = Pods/ZendeskMessagingSDK/MessagingSDK.xcframework; sourceTree = "<group>"; };
		7C61ED0E26B8209F000DBA21 /* SDKConfigurations.xcframework */ = {isa = PBXFileReference; lastKnownFileType = wrapper.xcframework; name = SDKConfigurations.xcframework; path = Pods/ZendeskSDKConfigurationsSDK/SDKConfigurations.xcframework; sourceTree = "<group>"; };
		7C61ED0F26B8209F000DBA21 /* SupportProvidersSDK.xcframework */ = {isa = PBXFileReference; lastKnownFileType = wrapper.xcframework; name = SupportProvidersSDK.xcframework; path = Pods/ZendeskSupportProvidersSDK/SupportProvidersSDK.xcframework; sourceTree = "<group>"; };
		7C61ED1026B8209F000DBA21 /* SupportSDK.xcframework */ = {isa = PBXFileReference; lastKnownFileType = wrapper.xcframework; name = SupportSDK.xcframework; path = Pods/ZendeskSupportSDK/SupportSDK.xcframework; sourceTree = "<group>"; };
		7C61ED1126B8209F000DBA21 /* ZendeskCoreSDK.xcframework */ = {isa = PBXFileReference; lastKnownFileType = wrapper.xcframework; name = ZendeskCoreSDK.xcframework; path = Pods/ZendeskCoreSDK/ZendeskCoreSDK.xcframework; sourceTree = "<group>"; };
		B2FD668C7FCDD6B6C3F3147C /* libPods-ZendeskiOS.a */ = {isa = PBXFileReference; explicitFileType = archive.ar; includeInIndex = 0; path = "libPods-ZendeskiOS.a"; sourceTree = BUILT_PRODUCTS_DIR; };
		C4BDDA9D3D231DFF700986C1 /* Pods-ZendeskiOS.debug.xcconfig */ = {isa = PBXFileReference; includeInIndex = 1; lastKnownFileType = text.xcconfig; name = "Pods-ZendeskiOS.debug.xcconfig"; path = "Target Support Files/Pods-ZendeskiOS/Pods-ZendeskiOS.debug.xcconfig"; sourceTree = "<group>"; };
/* End PBXFileReference section */

/* Begin PBXFrameworksBuildPhase section */
		7C61ECF926B81F56000DBA21 /* Frameworks */ = {
			isa = PBXFrameworksBuildPhase;
			buildActionMask = 2147483647;
			files = (
				7C74CFD026B82A0600B871C4 /* MessagingSDK.xcframework in Frameworks */,
				7C74CFCA26B82A0600B871C4 /* ChatSDK.xcframework in Frameworks */,
				7C74CFCC26B82A0600B871C4 /* CommonUISDK.xcframework in Frameworks */,
				7C74CFD226B82A0600B871C4 /* SDKConfigurations.xcframework in Frameworks */,
				7C74CFC826B82A0600B871C4 /* ChatProvidersSDK.xcframework in Frameworks */,
				7C74CFCE26B82A0600B871C4 /* MessagingAPI.xcframework in Frameworks */,
			);
			runOnlyForDeploymentPostprocessing = 0;
		};
/* End PBXFrameworksBuildPhase section */

/* Begin PBXGroup section */
		6D325E4590B117E6A8A113EC /* Pods */ = {
			isa = PBXGroup;
			children = (
				C4BDDA9D3D231DFF700986C1 /* Pods-ZendeskiOS.debug.xcconfig */,
				57FA1E4BE85A9F2B8AD7E432 /* Pods-ZendeskiOS.release.xcconfig */,
			);
			path = Pods;
			sourceTree = "<group>";
		};
		7C61ECF226B81F56000DBA21 = {
			isa = PBXGroup;
			children = (
				7C61ECFE26B81F56000DBA21 /* ZendeskiOS */,
				7C61ECFD26B81F56000DBA21 /* Products */,
				6D325E4590B117E6A8A113EC /* Pods */,
				BD55D04B08D9C6853E913B1F /* Frameworks */,
			);
			sourceTree = "<group>";
		};
		7C61ECFD26B81F56000DBA21 /* Products */ = {
			isa = PBXGroup;
			children = (
				7C61ECFC26B81F56000DBA21 /* ZendeskiOS.framework */,
			);
			name = Products;
			sourceTree = "<group>";
		};
		7C61ECFE26B81F56000DBA21 /* ZendeskiOS */ = {
			isa = PBXGroup;
			children = (
				7C61ECFF26B81F56000DBA21 /* ZendeskiOS.h */,
				7C61ED0026B81F56000DBA21 /* Info.plist */,
			);
			path = ZendeskiOS;
			sourceTree = "<group>";
		};
		BD55D04B08D9C6853E913B1F /* Frameworks */ = {
			isa = PBXGroup;
			children = (
				7C61ED0726B8209F000DBA21 /* AnswerBotProvidersSDK.xcframework */,
				7C61ED0826B8209F000DBA21 /* AnswerBotSDK.xcframework */,
				7C61ED0926B8209F000DBA21 /* ChatProvidersSDK.xcframework */,
				7C61ED0A26B8209F000DBA21 /* ChatSDK.xcframework */,
				7C61ED0B26B8209F000DBA21 /* CommonUISDK.xcframework */,
				7C61ED0C26B8209F000DBA21 /* MessagingAPI.xcframework */,
				7C61ED0D26B8209F000DBA21 /* MessagingSDK.xcframework */,
				7C61ED0E26B8209F000DBA21 /* SDKConfigurations.xcframework */,
				7C61ED0F26B8209F000DBA21 /* SupportProvidersSDK.xcframework */,
				7C61ED1026B8209F000DBA21 /* SupportSDK.xcframework */,
				7C61ED1126B8209F000DBA21 /* ZendeskCoreSDK.xcframework */,
				B2FD668C7FCDD6B6C3F3147C /* libPods-ZendeskiOS.a */,
			);
			name = Frameworks;
			sourceTree = "<group>";
		};
/* End PBXGroup section */

/* Begin PBXHeadersBuildPhase section */
		7C61ECF726B81F56000DBA21 /* Headers */ = {
			isa = PBXHeadersBuildPhase;
			buildActionMask = 2147483647;
			files = (
				7C61ED0126B81F56000DBA21 /* ZendeskiOS.h in Headers */,
			);
			runOnlyForDeploymentPostprocessing = 0;
		};
/* End PBXHeadersBuildPhase section */

/* Begin PBXNativeTarget section */
		7C61ECFB26B81F56000DBA21 /* ZendeskiOS */ = {
			isa = PBXNativeTarget;
			buildConfigurationList = 7C61ED0426B81F56000DBA21 /* Build configuration list for PBXNativeTarget "ZendeskiOS" */;
			buildPhases = (
				B06BD28C5CD20E7032BC5D1C /* [CP] Check Pods Manifest.lock */,
				7C61ECF726B81F56000DBA21 /* Headers */,
				7C61ECF826B81F56000DBA21 /* Sources */,
				7C61ECF926B81F56000DBA21 /* Frameworks */,
				7C61ECFA26B81F56000DBA21 /* Resources */,
				7C74CFD426B82A0600B871C4 /* Embed Frameworks */,
			);
			buildRules = (
			);
			dependencies = (
			);
			name = ZendeskiOS;
			productName = ZendeskiOS;
			productReference = 7C61ECFC26B81F56000DBA21 /* ZendeskiOS.framework */;
			productType = "com.apple.product-type.framework";
		};
/* End PBXNativeTarget section */

/* Begin PBXProject section */
		7C61ECF326B81F56000DBA21 /* Project object */ = {
			isa = PBXProject;
			attributes = {
				LastUpgradeCheck = 1250;
				TargetAttributes = {
					7C61ECFB26B81F56000DBA21 = {
						CreatedOnToolsVersion = 12.5;
					};
				};
			};
			buildConfigurationList = 7C61ECF626B81F56000DBA21 /* Build configuration list for PBXProject "ZendeskiOS" */;
			compatibilityVersion = "Xcode 9.3";
			developmentRegion = en;
			hasScannedForEncodings = 0;
			knownRegions = (
				en,
				Base,
			);
			mainGroup = 7C61ECF226B81F56000DBA21;
			productRefGroup = 7C61ECFD26B81F56000DBA21 /* Products */;
			projectDirPath = "";
			projectRoot = "";
			targets = (
				7C61ECFB26B81F56000DBA21 /* ZendeskiOS */,
			);
		};
/* End PBXProject section */

/* Begin PBXResourcesBuildPhase section */
		7C61ECFA26B81F56000DBA21 /* Resources */ = {
			isa = PBXResourcesBuildPhase;
			buildActionMask = 2147483647;
			files = (
			);
			runOnlyForDeploymentPostprocessing = 0;
		};
/* End PBXResourcesBuildPhase section */

/* Begin PBXShellScriptBuildPhase section */
		B06BD28C5CD20E7032BC5D1C /* [CP] Check Pods Manifest.lock */ = {
			isa = PBXShellScriptBuildPhase;
			buildActionMask = 2147483647;
			files = (
			);
			inputFileListPaths = (
			);
			inputPaths = (
				"${PODS_PODFILE_DIR_PATH}/Podfile.lock",
				"${PODS_ROOT}/Manifest.lock",
			);
			name = "[CP] Check Pods Manifest.lock";
			outputFileListPaths = (
			);
			outputPaths = (
				"$(DERIVED_FILE_DIR)/Pods-ZendeskiOS-checkManifestLockResult.txt",
			);
			runOnlyForDeploymentPostprocessing = 0;
			shellPath = /bin/sh;
			shellScript = "diff \"${PODS_PODFILE_DIR_PATH}/Podfile.lock\" \"${PODS_ROOT}/Manifest.lock\" > /dev/null\nif [ $? != 0 ] ; then\n    # print error to STDERR\n    echo \"error: The sandbox is not in sync with the Podfile.lock. Run 'pod install' or update your CocoaPods installation.\" >&2\n    exit 1\nfi\n# This output is used by Xcode 'outputs' to avoid re-running this script phase.\necho \"SUCCESS\" > \"${SCRIPT_OUTPUT_FILE_0}\"\n";
			showEnvVarsInLog = 0;
		};
/* End PBXShellScriptBuildPhase section */

/* Begin PBXSourcesBuildPhase section */
		7C61ECF826B81F56000DBA21 /* Sources */ = {
			isa = PBXSourcesBuildPhase;
			buildActionMask = 2147483647;
			files = (
			);
			runOnlyForDeploymentPostprocessing = 0;
		};
/* End PBXSourcesBuildPhase section */

/* Begin XCBuildConfiguration section */
		7C61ED0226B81F56000DBA21 /* Debug */ = {
			isa = XCBuildConfiguration;
			buildSettings = {
				ALWAYS_SEARCH_USER_PATHS = NO;
				CLANG_ANALYZER_NONNULL = YES;
				CLANG_ANALYZER_NUMBER_OBJECT_CONVERSION = YES_AGGRESSIVE;
				CLANG_CXX_LANGUAGE_STANDARD = "gnu++14";
				CLANG_CXX_LIBRARY = "libc++";
				CLANG_ENABLE_MODULES = YES;
				CLANG_ENABLE_OBJC_ARC = YES;
				CLANG_ENABLE_OBJC_WEAK = YES;
				CLANG_WARN_BLOCK_CAPTURE_AUTORELEASING = YES;
				CLANG_WARN_BOOL_CONVERSION = YES;
				CLANG_WARN_COMMA = YES;
				CLANG_WARN_CONSTANT_CONVERSION = YES;
				CLANG_WARN_DEPRECATED_OBJC_IMPLEMENTATIONS = YES;
				CLANG_WARN_DIRECT_OBJC_ISA_USAGE = YES_ERROR;
				CLANG_WARN_DOCUMENTATION_COMMENTS = YES;
				CLANG_WARN_EMPTY_BODY = YES;
				CLANG_WARN_ENUM_CONVERSION = YES;
				CLANG_WARN_INFINITE_RECURSION = YES;
				CLANG_WARN_INT_CONVERSION = YES;
				CLANG_WARN_NON_LITERAL_NULL_CONVERSION = YES;
				CLANG_WARN_OBJC_IMPLICIT_RETAIN_SELF = YES;
				CLANG_WARN_OBJC_LITERAL_CONVERSION = YES;
				CLANG_WARN_OBJC_ROOT_CLASS = YES_ERROR;
				CLANG_WARN_QUOTED_INCLUDE_IN_FRAMEWORK_HEADER = YES;
				CLANG_WARN_RANGE_LOOP_ANALYSIS = YES;
				CLANG_WARN_STRICT_PROTOTYPES = YES;
				CLANG_WARN_SUSPICIOUS_MOVE = YES;
				CLANG_WARN_UNGUARDED_AVAILABILITY = YES_AGGRESSIVE;
				CLANG_WARN_UNREACHABLE_CODE = YES;
				CLANG_WARN__DUPLICATE_METHOD_MATCH = YES;
				COPY_PHASE_STRIP = NO;
				CURRENT_PROJECT_VERSION = 1;
				DEBUG_INFORMATION_FORMAT = dwarf;
				ENABLE_STRICT_OBJC_MSGSEND = YES;
				ENABLE_TESTABILITY = YES;
				GCC_C_LANGUAGE_STANDARD = gnu11;
				GCC_DYNAMIC_NO_PIC = NO;
				GCC_NO_COMMON_BLOCKS = YES;
				GCC_OPTIMIZATION_LEVEL = 0;
				GCC_PREPROCESSOR_DEFINITIONS = (
					"DEBUG=1",
					"$(inherited)",
				);
				GCC_WARN_64_TO_32_BIT_CONVERSION = YES;
				GCC_WARN_ABOUT_RETURN_TYPE = YES_ERROR;
				GCC_WARN_UNDECLARED_SELECTOR = YES;
				GCC_WARN_UNINITIALIZED_AUTOS = YES_AGGRESSIVE;
				GCC_WARN_UNUSED_FUNCTION = YES;
				GCC_WARN_UNUSED_VARIABLE = YES;
				IPHONEOS_DEPLOYMENT_TARGET = 14.5;
				MTL_ENABLE_DEBUG_INFO = INCLUDE_SOURCE;
				MTL_FAST_MATH = YES;
				ONLY_ACTIVE_ARCH = YES;
				SDKROOT = iphoneos;
				SWIFT_ACTIVE_COMPILATION_CONDITIONS = DEBUG;
				SWIFT_OPTIMIZATION_LEVEL = "-Onone";
				VERSIONING_SYSTEM = "apple-generic";
				VERSION_INFO_PREFIX = "";
			};
			name = Debug;
		};
		7C61ED0326B81F56000DBA21 /* Release */ = {
			isa = XCBuildConfiguration;
			buildSettings = {
				ALWAYS_SEARCH_USER_PATHS = NO;
				CLANG_ANALYZER_NONNULL = YES;
				CLANG_ANALYZER_NUMBER_OBJECT_CONVERSION = YES_AGGRESSIVE;
				CLANG_CXX_LANGUAGE_STANDARD = "gnu++14";
				CLANG_CXX_LIBRARY = "libc++";
				CLANG_ENABLE_MODULES = YES;
				CLANG_ENABLE_OBJC_ARC = YES;
				CLANG_ENABLE_OBJC_WEAK = YES;
				CLANG_WARN_BLOCK_CAPTURE_AUTORELEASING = YES;
				CLANG_WARN_BOOL_CONVERSION = YES;
				CLANG_WARN_COMMA = YES;
				CLANG_WARN_CONSTANT_CONVERSION = YES;
				CLANG_WARN_DEPRECATED_OBJC_IMPLEMENTATIONS = YES;
				CLANG_WARN_DIRECT_OBJC_ISA_USAGE = YES_ERROR;
				CLANG_WARN_DOCUMENTATION_COMMENTS = YES;
				CLANG_WARN_EMPTY_BODY = YES;
				CLANG_WARN_ENUM_CONVERSION = YES;
				CLANG_WARN_INFINITE_RECURSION = YES;
				CLANG_WARN_INT_CONVERSION = YES;
				CLANG_WARN_NON_LITERAL_NULL_CONVERSION = YES;
				CLANG_WARN_OBJC_IMPLICIT_RETAIN_SELF = YES;
				CLANG_WARN_OBJC_LITERAL_CONVERSION = YES;
				CLANG_WARN_OBJC_ROOT_CLASS = YES_ERROR;
				CLANG_WARN_QUOTED_INCLUDE_IN_FRAMEWORK_HEADER = YES;
				CLANG_WARN_RANGE_LOOP_ANALYSIS = YES;
				CLANG_WARN_STRICT_PROTOTYPES = YES;
				CLANG_WARN_SUSPICIOUS_MOVE = YES;
				CLANG_WARN_UNGUARDED_AVAILABILITY = YES_AGGRESSIVE;
				CLANG_WARN_UNREACHABLE_CODE = YES;
				CLANG_WARN__DUPLICATE_METHOD_MATCH = YES;
				COPY_PHASE_STRIP = NO;
				CURRENT_PROJECT_VERSION = 1;
				DEBUG_INFORMATION_FORMAT = "dwarf-with-dsym";
				ENABLE_NS_ASSERTIONS = NO;
				ENABLE_STRICT_OBJC_MSGSEND = YES;
				GCC_C_LANGUAGE_STANDARD = gnu11;
				GCC_NO_COMMON_BLOCKS = YES;
				GCC_WARN_64_TO_32_BIT_CONVERSION = YES;
				GCC_WARN_ABOUT_RETURN_TYPE = YES_ERROR;
				GCC_WARN_UNDECLARED_SELECTOR = YES;
				GCC_WARN_UNINITIALIZED_AUTOS = YES_AGGRESSIVE;
				GCC_WARN_UNUSED_FUNCTION = YES;
				GCC_WARN_UNUSED_VARIABLE = YES;
				IPHONEOS_DEPLOYMENT_TARGET = 14.5;
				MTL_ENABLE_DEBUG_INFO = NO;
				MTL_FAST_MATH = YES;
				SDKROOT = iphoneos;
				SWIFT_COMPILATION_MODE = wholemodule;
				SWIFT_OPTIMIZATION_LEVEL = "-O";
				VALIDATE_PRODUCT = YES;
				VERSIONING_SYSTEM = "apple-generic";
				VERSION_INFO_PREFIX = "";
			};
			name = Release;
		};
		7C61ED0526B81F56000DBA21 /* Debug */ = {
			isa = XCBuildConfiguration;
			baseConfigurationReference = C4BDDA9D3D231DFF700986C1 /* Pods-ZendeskiOS.debug.xcconfig */;
			buildSettings = {
				ARCHS = (
					"$(ARCHS_STANDARD)",
					x86_64,
				);
				CODE_SIGN_STYLE = Automatic;
				DEFINES_MODULE = YES;
				DEVELOPMENT_TEAM = GLKN7GK9YD;
				DYLIB_COMPATIBILITY_VERSION = 1;
				DYLIB_CURRENT_VERSION = 1;
				DYLIB_INSTALL_NAME_BASE = "@rpath";
				INFOPLIST_FILE = ZendeskiOS/Info.plist;
				INSTALL_PATH = "$(LOCAL_LIBRARY_DIR)/Frameworks";
				LD_RUNPATH_SEARCH_PATHS = (
					"$(inherited)",
					"@executable_path/Frameworks",
					"@loader_path/Frameworks",
				);
				PRODUCT_BUNDLE_IDENTIFIER = co.instil.ZendeskiOS;
				PRODUCT_NAME = "$(TARGET_NAME:c99extidentifier)";
				SKIP_INSTALL = YES;
				SWIFT_VERSION = 5.0;
				TARGETED_DEVICE_FAMILY = "1,2";
			};
			name = Debug;
		};
		7C61ED0626B81F56000DBA21 /* Release */ = {
			isa = XCBuildConfiguration;
			baseConfigurationReference = 57FA1E4BE85A9F2B8AD7E432 /* Pods-ZendeskiOS.release.xcconfig */;
			buildSettings = {
				ARCHS = (
					"$(ARCHS_STANDARD)",
					x86_64,
				);
				CODE_SIGN_STYLE = Automatic;
				DEFINES_MODULE = YES;
				DEVELOPMENT_TEAM = GLKN7GK9YD;
				DYLIB_COMPATIBILITY_VERSION = 1;
				DYLIB_CURRENT_VERSION = 1;
				DYLIB_INSTALL_NAME_BASE = "@rpath";
				INFOPLIST_FILE = ZendeskiOS/Info.plist;
				INSTALL_PATH = "$(LOCAL_LIBRARY_DIR)/Frameworks";
				LD_RUNPATH_SEARCH_PATHS = (
					"$(inherited)",
					"@executable_path/Frameworks",
					"@loader_path/Frameworks",
				);
				PRODUCT_BUNDLE_IDENTIFIER = co.instil.ZendeskiOS;
				PRODUCT_NAME = "$(TARGET_NAME:c99extidentifier)";
				SKIP_INSTALL = YES;
				SWIFT_VERSION = 5.0;
				TARGETED_DEVICE_FAMILY = "1,2";
			};
			name = Release;
		};
/* End XCBuildConfiguration section */

/* Begin XCConfigurationList section */
		7C61ECF626B81F56000DBA21 /* Build configuration list for PBXProject "ZendeskiOS" */ = {
			isa = XCConfigurationList;
			buildConfigurations = (
				7C61ED0226B81F56000DBA21 /* Debug */,
				7C61ED0326B81F56000DBA21 /* Release */,
			);
			defaultConfigurationIsVisible = 0;
			defaultConfigurationName = Release;
		};
		7C61ED0426B81F56000DBA21 /* Build configuration list for PBXNativeTarget "ZendeskiOS" */ = {
			isa = XCConfigurationList;
			buildConfigurations = (
				7C61ED0526B81F56000DBA21 /* Debug */,
				7C61ED0626B81F56000DBA21 /* Release */,
			);
			defaultConfigurationIsVisible = 0;
			defaultConfigurationName = Release;
		};
/* End XCConfigurationList section */
	};
	rootObject = 7C61ECF326B81F56000DBA21 /* Project object */;
}
